// !$*UTF8*$!
{
	archiveVersion = 1;
	classes = {
	};
	objectVersion = 56;
	objects = {

/* Begin PBXBuildFile section */
		2520225F2C4526AE00EA0456 /* KeyboardResponder.swift in Sources */ = {isa = PBXBuildFile; fileRef = 2520225E2C4526AE00EA0456 /* KeyboardResponder.swift */; };
		252022612C457EA500EA0456 /* AdminLoginView.swift in Sources */ = {isa = PBXBuildFile; fileRef = 252022602C457EA500EA0456 /* AdminLoginView.swift */; };
		252022632C457EC900EA0456 /* AdminPanelView.swift in Sources */ = {isa = PBXBuildFile; fileRef = 252022622C457EC900EA0456 /* AdminPanelView.swift */; };
		259CCB032C498B0F00131185 /* BotView.swift in Sources */ = {isa = PBXBuildFile; fileRef = 259CCB022C498B0F00131185 /* BotView.swift */; };
		25DD46AC2C4684A0007ABCDC /* HomeView.swift in Sources */ = {isa = PBXBuildFile; fileRef = 25DD46AB2C46849F007ABCDC /* HomeView.swift */; };
		25DD46AF2C46CD9A007ABCDC /* Alamofire.xcframework in Frameworks */ = {isa = PBXBuildFile; fileRef = 25DD46AE2C46CD9A007ABCDC /* Alamofire.xcframework */; };
		25DD46B02C46CD9A007ABCDC /* Alamofire.xcframework in Embed Frameworks */ = {isa = PBXBuildFile; fileRef = 25DD46AE2C46CD9A007ABCDC /* Alamofire.xcframework */; settings = {ATTRIBUTES = (CodeSignOnCopy, RemoveHeadersOnCopy, ); }; };
		25DD46B32C46CEB6007ABCDC /* BotService.swift in Sources */ = {isa = PBXBuildFile; fileRef = 25DD46B22C46CEB6007ABCDC /* BotService.swift */; };
		25DD46B52C46CFCF007ABCDC /* Models.swift in Sources */ = {isa = PBXBuildFile; fileRef = 25DD46B42C46CFCF007ABCDC /* Models.swift */; };
		25F670D22C4194EF008EC659 /* ChatSecureApp.swift in Sources */ = {isa = PBXBuildFile; fileRef = 25F670D12C4194EF008EC659 /* ChatSecureApp.swift */; };
		25F670D42C4194EF008EC659 /* ContentView.swift in Sources */ = {isa = PBXBuildFile; fileRef = 25F670D32C4194EF008EC659 /* ContentView.swift */; };
		25F670D62C4194F6008EC659 /* Assets.xcassets in Resources */ = {isa = PBXBuildFile; fileRef = 25F670D52C4194F6008EC659 /* Assets.xcassets */; };
		25F670D92C4194F6008EC659 /* Preview Assets.xcassets in Resources */ = {isa = PBXBuildFile; fileRef = 25F670D82C4194F6008EC659 /* Preview Assets.xcassets */; };
		25F670E02C41951B008EC659 /* Message.swift in Sources */ = {isa = PBXBuildFile; fileRef = 25F670DF2C41951B008EC659 /* Message.swift */; };
		25F670E22C419527008EC659 /* ChatView.swift in Sources */ = {isa = PBXBuildFile; fileRef = 25F670E12C419527008EC659 /* ChatView.swift */; };
		25F670E42C419542008EC659 /* ChatViewModel.swift in Sources */ = {isa = PBXBuildFile; fileRef = 25F670E32C419542008EC659 /* ChatViewModel.swift */; };
		25F670E62C419558008EC659 /* ChatRowView.swift in Sources */ = {isa = PBXBuildFile; fileRef = 25F670E52C419558008EC659 /* ChatRowView.swift */; };
		25F670EB2C41961E008EC659 /* FirebaseAuth in Frameworks */ = {isa = PBXBuildFile; productRef = 25F670EA2C41961E008EC659 /* FirebaseAuth */; };
		25F670ED2C41961E008EC659 /* FirebaseDatabase in Frameworks */ = {isa = PBXBuildFile; productRef = 25F670EC2C41961E008EC659 /* FirebaseDatabase */; };
		25F670EF2C41961E008EC659 /* FirebaseFirestore in Frameworks */ = {isa = PBXBuildFile; productRef = 25F670EE2C41961E008EC659 /* FirebaseFirestore */; };
		25F670F12C4196FD008EC659 /* Constants.swift in Sources */ = {isa = PBXBuildFile; fileRef = 25F670F02C4196FD008EC659 /* Constants.swift */; };
		25F670F32C41971B008EC659 /* WelcomeView.swift in Sources */ = {isa = PBXBuildFile; fileRef = 25F670F22C41971B008EC659 /* WelcomeView.swift */; };
		25F670F52C419776008EC659 /* RegisterView.swift in Sources */ = {isa = PBXBuildFile; fileRef = 25F670F42C419775008EC659 /* RegisterView.swift */; };
		25F670F72C4197B8008EC659 /* LoginView.swift in Sources */ = {isa = PBXBuildFile; fileRef = 25F670F62C4197B8008EC659 /* LoginView.swift */; };
		25F670F92C419CED008EC659 /* GoogleService-Info.plist in Resources */ = {isa = PBXBuildFile; fileRef = 25F670F82C419CED008EC659 /* GoogleService-Info.plist */; };
/* End PBXBuildFile section */

/* Begin PBXCopyFilesBuildPhase section */
		25DD46B12C46CD9A007ABCDC /* Embed Frameworks */ = {
			isa = PBXCopyFilesBuildPhase;
			buildActionMask = 2147483647;
			dstPath = "";
			dstSubfolderSpec = 10;
			files = (
				25DD46B02C46CD9A007ABCDC /* Alamofire.xcframework in Embed Frameworks */,
			);
			name = "Embed Frameworks";
			runOnlyForDeploymentPostprocessing = 0;
		};
/* End PBXCopyFilesBuildPhase section */

/* Begin PBXFileReference section */
		2520225E2C4526AE00EA0456 /* KeyboardResponder.swift */ = {isa = PBXFileReference; lastKnownFileType = sourcecode.swift; path = KeyboardResponder.swift; sourceTree = "<group>"; };
		252022602C457EA500EA0456 /* AdminLoginView.swift */ = {isa = PBXFileReference; lastKnownFileType = sourcecode.swift; path = AdminLoginView.swift; sourceTree = "<group>"; };
		252022622C457EC900EA0456 /* AdminPanelView.swift */ = {isa = PBXFileReference; lastKnownFileType = sourcecode.swift; path = AdminPanelView.swift; sourceTree = "<group>"; };
		259CCB022C498B0F00131185 /* BotView.swift */ = {isa = PBXFileReference; lastKnownFileType = sourcecode.swift; path = BotView.swift; sourceTree = "<group>"; };
		25DD46AB2C46849F007ABCDC /* HomeView.swift */ = {isa = PBXFileReference; lastKnownFileType = sourcecode.swift; path = HomeView.swift; sourceTree = "<group>"; };
		25DD46AE2C46CD9A007ABCDC /* Alamofire.xcframework */ = {isa = PBXFileReference; lastKnownFileType = wrapper.xcframework; name = Alamofire.xcframework; path = ../BotEmp/Carthage/Build/Alamofire.xcframework; sourceTree = "<group>"; };
		25DD46B22C46CEB6007ABCDC /* BotService.swift */ = {isa = PBXFileReference; lastKnownFileType = sourcecode.swift; path = BotService.swift; sourceTree = "<group>"; };
		25DD46B42C46CFCF007ABCDC /* Models.swift */ = {isa = PBXFileReference; lastKnownFileType = sourcecode.swift; path = Models.swift; sourceTree = "<group>"; };
		25F670CE2C4194EF008EC659 /* ChatSecure.app */ = {isa = PBXFileReference; explicitFileType = wrapper.application; includeInIndex = 0; path = ChatSecure.app; sourceTree = BUILT_PRODUCTS_DIR; };
		25F670D12C4194EF008EC659 /* ChatSecureApp.swift */ = {isa = PBXFileReference; lastKnownFileType = sourcecode.swift; path = ChatSecureApp.swift; sourceTree = "<group>"; };
		25F670D32C4194EF008EC659 /* ContentView.swift */ = {isa = PBXFileReference; lastKnownFileType = sourcecode.swift; path = ContentView.swift; sourceTree = "<group>"; };
		25F670D52C4194F6008EC659 /* Assets.xcassets */ = {isa = PBXFileReference; lastKnownFileType = folder.assetcatalog; path = Assets.xcassets; sourceTree = "<group>"; };
		25F670D82C4194F6008EC659 /* Preview Assets.xcassets */ = {isa = PBXFileReference; lastKnownFileType = folder.assetcatalog; path = "Preview Assets.xcassets"; sourceTree = "<group>"; };
		25F670DF2C41951B008EC659 /* Message.swift */ = {isa = PBXFileReference; fileEncoding = 4; lastKnownFileType = sourcecode.swift; path = Message.swift; sourceTree = "<group>"; };
		25F670E12C419527008EC659 /* ChatView.swift */ = {isa = PBXFileReference; fileEncoding = 4; lastKnownFileType = sourcecode.swift; path = ChatView.swift; sourceTree = "<group>"; };
		25F670E32C419542008EC659 /* ChatViewModel.swift */ = {isa = PBXFileReference; fileEncoding = 4; lastKnownFileType = sourcecode.swift; path = ChatViewModel.swift; sourceTree = "<group>"; };
		25F670E52C419558008EC659 /* ChatRowView.swift */ = {isa = PBXFileReference; fileEncoding = 4; lastKnownFileType = sourcecode.swift; path = ChatRowView.swift; sourceTree = "<group>"; };
		25F670F02C4196FD008EC659 /* Constants.swift */ = {isa = PBXFileReference; lastKnownFileType = sourcecode.swift; path = Constants.swift; sourceTree = "<group>"; };
		25F670F22C41971B008EC659 /* WelcomeView.swift */ = {isa = PBXFileReference; lastKnownFileType = sourcecode.swift; path = WelcomeView.swift; sourceTree = "<group>"; };
		25F670F42C419775008EC659 /* RegisterView.swift */ = {isa = PBXFileReference; lastKnownFileType = sourcecode.swift; path = RegisterView.swift; sourceTree = "<group>"; };
		25F670F62C4197B8008EC659 /* LoginView.swift */ = {isa = PBXFileReference; lastKnownFileType = sourcecode.swift; path = LoginView.swift; sourceTree = "<group>"; };
		25F670F82C419CED008EC659 /* GoogleService-Info.plist */ = {isa = PBXFileReference; fileEncoding = 4; lastKnownFileType = text.plist.xml; name = "GoogleService-Info.plist"; path = "../../../../Downloads/GoogleService-Info.plist"; sourceTree = "<group>"; };
/* End PBXFileReference section */

/* Begin PBXFrameworksBuildPhase section */
		25F670CB2C4194EF008EC659 /* Frameworks */ = {
			isa = PBXFrameworksBuildPhase;
			buildActionMask = 2147483647;
			files = (
				25DD46AF2C46CD9A007ABCDC /* Alamofire.xcframework in Frameworks */,
				25F670ED2C41961E008EC659 /* FirebaseDatabase in Frameworks */,
				25F670EB2C41961E008EC659 /* FirebaseAuth in Frameworks */,
				25F670EF2C41961E008EC659 /* FirebaseFirestore in Frameworks */,
			);
			runOnlyForDeploymentPostprocessing = 0;
		};
/* End PBXFrameworksBuildPhase section */

/* Begin PBXGroup section */
		25DD46AD2C46CD99007ABCDC /* Frameworks */ = {
			isa = PBXGroup;
			children = (
				25DD46AE2C46CD9A007ABCDC /* Alamofire.xcframework */,
			);
			name = Frameworks;
			sourceTree = "<group>";
		};
		25F670C52C4194EF008EC659 = {
			isa = PBXGroup;
			children = (
				25F670D02C4194EF008EC659 /* ChatSecure */,
				25F670CF2C4194EF008EC659 /* Products */,
				25DD46AD2C46CD99007ABCDC /* Frameworks */,
			);
			sourceTree = "<group>";
		};
		25F670CF2C4194EF008EC659 /* Products */ = {
			isa = PBXGroup;
			children = (
				25F670CE2C4194EF008EC659 /* ChatSecure.app */,
			);
			name = Products;
			sourceTree = "<group>";
		};
		25F670D02C4194EF008EC659 /* ChatSecure */ = {
			isa = PBXGroup;
			children = (
				25F670D12C4194EF008EC659 /* ChatSecureApp.swift */,
				259CCB022C498B0F00131185 /* BotView.swift */,
				25DD46B42C46CFCF007ABCDC /* Models.swift */,
				252022622C457EC900EA0456 /* AdminPanelView.swift */,
				2520225E2C4526AE00EA0456 /* KeyboardResponder.swift */,
				25F670D32C4194EF008EC659 /* ContentView.swift */,
				25F670DF2C41951B008EC659 /* Message.swift */,
				25F670E12C419527008EC659 /* ChatView.swift */,
				25F670E32C419542008EC659 /* ChatViewModel.swift */,
				25F670E52C419558008EC659 /* ChatRowView.swift */,
				25F670F02C4196FD008EC659 /* Constants.swift */,
				25F670F22C41971B008EC659 /* WelcomeView.swift */,
				25F670F42C419775008EC659 /* RegisterView.swift */,
				25F670F62C4197B8008EC659 /* LoginView.swift */,
				25DD46AB2C46849F007ABCDC /* HomeView.swift */,
				252022602C457EA500EA0456 /* AdminLoginView.swift */,
				25DD46B22C46CEB6007ABCDC /* BotService.swift */,
				25F670F82C419CED008EC659 /* GoogleService-Info.plist */,
				25F670D52C4194F6008EC659 /* Assets.xcassets */,
				25F670D72C4194F6008EC659 /* Preview Content */,
			);
			path = ChatSecure;
			sourceTree = "<group>";
		};
		25F670D72C4194F6008EC659 /* Preview Content */ = {
			isa = PBXGroup;
			children = (
				25F670D82C4194F6008EC659 /* Preview Assets.xcassets */,
			);
			path = "Preview Content";
			sourceTree = "<group>";
		};
/* End PBXGroup section */

/* Begin PBXNativeTarget section */
		25F670CD2C4194EF008EC659 /* ChatSecure */ = {
			isa = PBXNativeTarget;
			buildConfigurationList = 25F670DC2C4194F6008EC659 /* Build configuration list for PBXNativeTarget "ChatSecure" */;
			buildPhases = (
				25F670CA2C4194EF008EC659 /* Sources */,
				25F670CB2C4194EF008EC659 /* Frameworks */,
				25F670CC2C4194EF008EC659 /* Resources */,
				25DD46B12C46CD9A007ABCDC /* Embed Frameworks */,
			);
			buildRules = (
			);
			dependencies = (
			);
			name = ChatSecure;
			packageProductDependencies = (
				25F670EA2C41961E008EC659 /* FirebaseAuth */,
				25F670EC2C41961E008EC659 /* FirebaseDatabase */,
				25F670EE2C41961E008EC659 /* FirebaseFirestore */,
			);
			productName = ChatSecure;
			productReference = 25F670CE2C4194EF008EC659 /* ChatSecure.app */;
			productType = "com.apple.product-type.application";
		};
/* End PBXNativeTarget section */

/* Begin PBXProject section */
		25F670C62C4194EF008EC659 /* Project object */ = {
			isa = PBXProject;
			attributes = {
				BuildIndependentTargetsInParallel = 1;
				LastSwiftUpdateCheck = 1530;
				LastUpgradeCheck = 1530;
				TargetAttributes = {
					25F670CD2C4194EF008EC659 = {
						CreatedOnToolsVersion = 15.3;
					};
				};
			};
			buildConfigurationList = 25F670C92C4194EF008EC659 /* Build configuration list for PBXProject "ChatSecure" */;
			compatibilityVersion = "Xcode 14.0";
			developmentRegion = en;
			hasScannedForEncodings = 0;
			knownRegions = (
				en,
				Base,
			);
			mainGroup = 25F670C52C4194EF008EC659;
			packageReferences = (
				25F670E92C41961E008EC659 /* XCRemoteSwiftPackageReference "firebase-ios-sdk" */,
			);
			productRefGroup = 25F670CF2C4194EF008EC659 /* Products */;
			projectDirPath = "";
			projectRoot = "";
			targets = (
				25F670CD2C4194EF008EC659 /* ChatSecure */,
			);
		};
/* End PBXProject section */

/* Begin PBXResourcesBuildPhase section */
		25F670CC2C4194EF008EC659 /* Resources */ = {
			isa = PBXResourcesBuildPhase;
			buildActionMask = 2147483647;
			files = (
				25F670D92C4194F6008EC659 /* Preview Assets.xcassets in Resources */,
				25F670D62C4194F6008EC659 /* Assets.xcassets in Resources */,
				25F670F92C419CED008EC659 /* GoogleService-Info.plist in Resources */,
			);
			runOnlyForDeploymentPostprocessing = 0;
		};
/* End PBXResourcesBuildPhase section */

/* Begin PBXSourcesBuildPhase section */
		25F670CA2C4194EF008EC659 /* Sources */ = {
			isa = PBXSourcesBuildPhase;
			buildActionMask = 2147483647;
			files = (
				252022612C457EA500EA0456 /* AdminLoginView.swift in Sources */,
				259CCB032C498B0F00131185 /* BotView.swift in Sources */,
				25DD46AC2C4684A0007ABCDC /* HomeView.swift in Sources */,
				25F670F52C419776008EC659 /* RegisterView.swift in Sources */,
				25F670E22C419527008EC659 /* ChatView.swift in Sources */,
				25F670E02C41951B008EC659 /* Message.swift in Sources */,
				2520225F2C4526AE00EA0456 /* KeyboardResponder.swift in Sources */,
				25F670D42C4194EF008EC659 /* ContentView.swift in Sources */,
				25F670F32C41971B008EC659 /* WelcomeView.swift in Sources */,
				252022632C457EC900EA0456 /* AdminPanelView.swift in Sources */,
				25F670E62C419558008EC659 /* ChatRowView.swift in Sources */,
				25F670F12C4196FD008EC659 /* Constants.swift in Sources */,
				25DD46B52C46CFCF007ABCDC /* Models.swift in Sources */,
				25DD46B32C46CEB6007ABCDC /* BotService.swift in Sources */,
				25F670E42C419542008EC659 /* ChatViewModel.swift in Sources */,
				25F670F72C4197B8008EC659 /* LoginView.swift in Sources */,
				25F670D22C4194EF008EC659 /* ChatSecureApp.swift in Sources */,
			);
			runOnlyForDeploymentPostprocessing = 0;
		};
/* End PBXSourcesBuildPhase section */

/* Begin XCBuildConfiguration section */
		25F670DA2C4194F6008EC659 /* Debug */ = {
			isa = XCBuildConfiguration;
			buildSettings = {
				ALWAYS_SEARCH_USER_PATHS = NO;
				ASSETCATALOG_COMPILER_GENERATE_SWIFT_ASSET_SYMBOL_EXTENSIONS = YES;
				CLANG_ANALYZER_NONNULL = YES;
				CLANG_ANALYZER_NUMBER_OBJECT_CONVERSION = YES_AGGRESSIVE;
				CLANG_CXX_LANGUAGE_STANDARD = "gnu++20";
				CLANG_ENABLE_MODULES = YES;
				CLANG_ENABLE_OBJC_ARC = YES;
				CLANG_ENABLE_OBJC_WEAK = YES;
				CLANG_WARN_BLOCK_CAPTURE_AUTORELEASING = YES;
				CLANG_WARN_BOOL_CONVERSION = YES;
				CLANG_WARN_COMMA = YES;
				CLANG_WARN_CONSTANT_CONVERSION = YES;
				CLANG_WARN_DEPRECATED_OBJC_IMPLEMENTATIONS = YES;
				CLANG_WARN_DIRECT_OBJC_ISA_USAGE = YES_ERROR;
				CLANG_WARN_DOCUMENTATION_COMMENTS = YES;
				CLANG_WARN_EMPTY_BODY = YES;
				CLANG_WARN_ENUM_CONVERSION = YES;
				CLANG_WARN_INFINITE_RECURSION = YES;
				CLANG_WARN_INT_CONVERSION = YES;
				CLANG_WARN_NON_LITERAL_NULL_CONVERSION = YES;
				CLANG_WARN_OBJC_IMPLICIT_RETAIN_SELF = YES;
				CLANG_WARN_OBJC_LITERAL_CONVERSION = YES;
				CLANG_WARN_OBJC_ROOT_CLASS = YES_ERROR;
				CLANG_WARN_QUOTED_INCLUDE_IN_FRAMEWORK_HEADER = YES;
				CLANG_WARN_RANGE_LOOP_ANALYSIS = YES;
				CLANG_WARN_STRICT_PROTOTYPES = YES;
				CLANG_WARN_SUSPICIOUS_MOVE = YES;
				CLANG_WARN_UNGUARDED_AVAILABILITY = YES_AGGRESSIVE;
				CLANG_WARN_UNREACHABLE_CODE = YES;
				CLANG_WARN__DUPLICATE_METHOD_MATCH = YES;
				COPY_PHASE_STRIP = NO;
				DEBUG_INFORMATION_FORMAT = dwarf;
				ENABLE_STRICT_OBJC_MSGSEND = YES;
				ENABLE_TESTABILITY = YES;
				ENABLE_USER_SCRIPT_SANDBOXING = YES;
				GCC_C_LANGUAGE_STANDARD = gnu17;
				GCC_DYNAMIC_NO_PIC = NO;
				GCC_NO_COMMON_BLOCKS = YES;
				GCC_OPTIMIZATION_LEVEL = 0;
				GCC_PREPROCESSOR_DEFINITIONS = (
					"DEBUG=1",
					"$(inherited)",
				);
				GCC_WARN_64_TO_32_BIT_CONVERSION = YES;
				GCC_WARN_ABOUT_RETURN_TYPE = YES_ERROR;
				GCC_WARN_UNDECLARED_SELECTOR = YES;
				GCC_WARN_UNINITIALIZED_AUTOS = YES_AGGRESSIVE;
				GCC_WARN_UNUSED_FUNCTION = YES;
				GCC_WARN_UNUSED_VARIABLE = YES;
				IPHONEOS_DEPLOYMENT_TARGET = 17.4;
				LOCALIZATION_PREFERS_STRING_CATALOGS = YES;
				MTL_ENABLE_DEBUG_INFO = INCLUDE_SOURCE;
				MTL_FAST_MATH = YES;
				ONLY_ACTIVE_ARCH = YES;
				SDKROOT = iphoneos;
				SWIFT_ACTIVE_COMPILATION_CONDITIONS = "DEBUG $(inherited)";
				SWIFT_OPTIMIZATION_LEVEL = "-Onone";
			};
			name = Debug;
		};
		25F670DB2C4194F6008EC659 /* Release */ = {
			isa = XCBuildConfiguration;
			buildSettings = {
				ALWAYS_SEARCH_USER_PATHS = NO;
				ASSETCATALOG_COMPILER_GENERATE_SWIFT_ASSET_SYMBOL_EXTENSIONS = YES;
				CLANG_ANALYZER_NONNULL = YES;
				CLANG_ANALYZER_NUMBER_OBJECT_CONVERSION = YES_AGGRESSIVE;
				CLANG_CXX_LANGUAGE_STANDARD = "gnu++20";
				CLANG_ENABLE_MODULES = YES;
				CLANG_ENABLE_OBJC_ARC = YES;
				CLANG_ENABLE_OBJC_WEAK = YES;
				CLANG_WARN_BLOCK_CAPTURE_AUTORELEASING = YES;
				CLANG_WARN_BOOL_CONVERSION = YES;
				CLANG_WARN_COMMA = YES;
				CLANG_WARN_CONSTANT_CONVERSION = YES;
				CLANG_WARN_DEPRECATED_OBJC_IMPLEMENTATIONS = YES;
				CLANG_WARN_DIRECT_OBJC_ISA_USAGE = YES_ERROR;
				CLANG_WARN_DOCUMENTATION_COMMENTS = YES;
				CLANG_WARN_EMPTY_BODY = YES;
				CLANG_WARN_ENUM_CONVERSION = YES;
				CLANG_WARN_INFINITE_RECURSION = YES;
				CLANG_WARN_INT_CONVERSION = YES;
				CLANG_WARN_NON_LITERAL_NULL_CONVERSION = YES;
				CLANG_WARN_OBJC_IMPLICIT_RETAIN_SELF = YES;
				CLANG_WARN_OBJC_LITERAL_CONVERSION = YES;
				CLANG_WARN_OBJC_ROOT_CLASS = YES_ERROR;
				CLANG_WARN_QUOTED_INCLUDE_IN_FRAMEWORK_HEADER = YES;
				CLANG_WARN_RANGE_LOOP_ANALYSIS = YES;
				CLANG_WARN_STRICT_PROTOTYPES = YES;
				CLANG_WARN_SUSPICIOUS_MOVE = YES;
				CLANG_WARN_UNGUARDED_AVAILABILITY = YES_AGGRESSIVE;
				CLANG_WARN_UNREACHABLE_CODE = YES;
				CLANG_WARN__DUPLICATE_METHOD_MATCH = YES;
				COPY_PHASE_STRIP = NO;
				DEBUG_INFORMATION_FORMAT = "dwarf-with-dsym";
				ENABLE_NS_ASSERTIONS = NO;
				ENABLE_STRICT_OBJC_MSGSEND = YES;
				ENABLE_USER_SCRIPT_SANDBOXING = YES;
				GCC_C_LANGUAGE_STANDARD = gnu17;
				GCC_NO_COMMON_BLOCKS = YES;
				GCC_WARN_64_TO_32_BIT_CONVERSION = YES;
				GCC_WARN_ABOUT_RETURN_TYPE = YES_ERROR;
				GCC_WARN_UNDECLARED_SELECTOR = YES;
				GCC_WARN_UNINITIALIZED_AUTOS = YES_AGGRESSIVE;
				GCC_WARN_UNUSED_FUNCTION = YES;
				GCC_WARN_UNUSED_VARIABLE = YES;
				IPHONEOS_DEPLOYMENT_TARGET = 17.4;
				LOCALIZATION_PREFERS_STRING_CATALOGS = YES;
				MTL_ENABLE_DEBUG_INFO = NO;
				MTL_FAST_MATH = YES;
				SDKROOT = iphoneos;
				SWIFT_COMPILATION_MODE = wholemodule;
				VALIDATE_PRODUCT = YES;
			};
			name = Release;
		};
		25F670DD2C4194F6008EC659 /* Debug */ = {
			isa = XCBuildConfiguration;
			buildSettings = {
				ASSETCATALOG_COMPILER_APPICON_NAME = AppIcon;
				ASSETCATALOG_COMPILER_GLOBAL_ACCENT_COLOR_NAME = AccentColor;
				CODE_SIGN_STYLE = Automatic;
				CURRENT_PROJECT_VERSION = 1;
				DEVELOPMENT_ASSET_PATHS = "\"ChatSecure/Preview Content\"";
				DEVELOPMENT_TEAM = 6LS443V3QW;
				ENABLE_PREVIEWS = YES;
				GENERATE_INFOPLIST_FILE = YES;
				INFOPLIST_KEY_UIApplicationSceneManifest_Generation = YES;
				INFOPLIST_KEY_UIApplicationSupportsIndirectInputEvents = YES;
				INFOPLIST_KEY_UILaunchScreen_Generation = YES;
				INFOPLIST_KEY_UISupportedInterfaceOrientations_iPad = "UIInterfaceOrientationPortrait UIInterfaceOrientationPortraitUpsideDown UIInterfaceOrientationLandscapeLeft UIInterfaceOrientationLandscapeRight";
				INFOPLIST_KEY_UISupportedInterfaceOrientations_iPhone = "UIInterfaceOrientationPortrait UIInterfaceOrientationLandscapeLeft UIInterfaceOrientationLandscapeRight";
				IPHONEOS_DEPLOYMENT_TARGET = 15.0;
				LD_RUNPATH_SEARCH_PATHS = (
					"$(inherited)",
					"@executable_path/Frameworks",
				);
				MARKETING_VERSION = 1.0;
				PRODUCT_BUNDLE_IDENTIFIER = "com.arnav-gupta.ChatSecure";
				PRODUCT_NAME = "$(TARGET_NAME)";
				SWIFT_EMIT_LOC_STRINGS = YES;
				SWIFT_VERSION = 5.0;
				TARGETED_DEVICE_FAMILY = "1,2";
			};
			name = Debug;
		};
		25F670DE2C4194F6008EC659 /* Release */ = {
			isa = XCBuildConfiguration;
			buildSettings = {
				ASSETCATALOG_COMPILER_APPICON_NAME = AppIcon;
				ASSETCATALOG_COMPILER_GLOBAL_ACCENT_COLOR_NAME = AccentColor;
				CODE_SIGN_STYLE = Automatic;
				CURRENT_PROJECT_VERSION = 1;
				DEVELOPMENT_ASSET_PATHS = "\"ChatSecure/Preview Content\"";
				DEVELOPMENT_TEAM = 6LS443V3QW;
				ENABLE_PREVIEWS = YES;
				GENERATE_INFOPLIST_FILE = YES;
				INFOPLIST_KEY_UIApplicationSceneManifest_Generation = YES;
				INFOPLIST_KEY_UIApplicationSupportsIndirectInputEvents = YES;
				INFOPLIST_KEY_UILaunchScreen_Generation = YES;
				INFOPLIST_KEY_UISupportedInterfaceOrientations_iPad = "UIInterfaceOrientationPortrait UIInterfaceOrientationPortraitUpsideDown UIInterfaceOrientationLandscapeLeft UIInterfaceOrientationLandscapeRight";
				INFOPLIST_KEY_UISupportedInterfaceOrientations_iPhone = "UIInterfaceOrientationPortrait UIInterfaceOrientationLandscapeLeft UIInterfaceOrientationLandscapeRight";
				IPHONEOS_DEPLOYMENT_TARGET = 15.0;
				LD_RUNPATH_SEARCH_PATHS = (
					"$(inherited)",
					"@executable_path/Frameworks",
				);
				MARKETING_VERSION = 1.0;
				PRODUCT_BUNDLE_IDENTIFIER = "com.arnav-gupta.ChatSecure";
				PRODUCT_NAME = "$(TARGET_NAME)";
				SWIFT_EMIT_LOC_STRINGS = YES;
				SWIFT_VERSION = 5.0;
				TARGETED_DEVICE_FAMILY = "1,2";
			};
			name = Release;
		};
/* End XCBuildConfiguration section */

/* Begin XCConfigurationList section */
		25F670C92C4194EF008EC659 /* Build configuration list for PBXProject "ChatSecure" */ = {
			isa = XCConfigurationList;
			buildConfigurations = (
				25F670DA2C4194F6008EC659 /* Debug */,
				25F670DB2C4194F6008EC659 /* Release */,
			);
			defaultConfigurationIsVisible = 0;
			defaultConfigurationName = Release;
		};
		25F670DC2C4194F6008EC659 /* Build configuration list for PBXNativeTarget "ChatSecure" */ = {
			isa = XCConfigurationList;
			buildConfigurations = (
				25F670DD2C4194F6008EC659 /* Debug */,
				25F670DE2C4194F6008EC659 /* Release */,
			);
			defaultConfigurationIsVisible = 0;
			defaultConfigurationName = Release;
		};
/* End XCConfigurationList section */

/* Begin XCRemoteSwiftPackageReference section */
		25F670E92C41961E008EC659 /* XCRemoteSwiftPackageReference "firebase-ios-sdk" */ = {
			isa = XCRemoteSwiftPackageReference;
			repositoryURL = "https://github.com/firebase/firebase-ios-sdk.git";
			requirement = {
				kind = upToNextMajorVersion;
				minimumVersion = 10.29.0;
			};
		};
/* End XCRemoteSwiftPackageReference section */

/* Begin XCSwiftPackageProductDependency section */
		25F670EA2C41961E008EC659 /* FirebaseAuth */ = {
			isa = XCSwiftPackageProductDependency;
			package = 25F670E92C41961E008EC659 /* XCRemoteSwiftPackageReference "firebase-ios-sdk" */;
			productName = FirebaseAuth;
		};
		25F670EC2C41961E008EC659 /* FirebaseDatabase */ = {
			isa = XCSwiftPackageProductDependency;
			package = 25F670E92C41961E008EC659 /* XCRemoteSwiftPackageReference "firebase-ios-sdk" */;
			productName = FirebaseDatabase;
		};
		25F670EE2C41961E008EC659 /* FirebaseFirestore */ = {
			isa = XCSwiftPackageProductDependency;
			package = 25F670E92C41961E008EC659 /* XCRemoteSwiftPackageReference "firebase-ios-sdk" */;
			productName = FirebaseFirestore;
		};
/* End XCSwiftPackageProductDependency section */
	};
	rootObject = 25F670C62C4194EF008EC659 /* Project object */;
}
